Microsoft Visual Studio Solution File, Format Version 12.00
# Visual Studio 2013
Project("{8BC9CEB8-8B4A-11D0-8D11-00A0C91BC942}") = "ALL_BUILD", "ALL_BUILD.vcxproj", "{A4647FD3-6BAA-3359-B6D1-8F28D31682BF}"
	ProjectSection(ProjectDependencies) = postProject
		{A765A6C0-45E9-3815-9331-CAEE5FC929B4} = {A765A6C0-45E9-3815-9331-CAEE5FC929B4}
		{9932C74E-CBD8-3483-BD5B-15563AD8A284} = {9932C74E-CBD8-3483-BD5B-15563AD8A284}
	EndProjectSection
EndProject
Project("{8BC9CEB8-8B4A-11D0-8D11-00A0C91BC942}") = "ZERO_CHECK", "ZERO_CHECK.vcxproj", "{A765A6C0-45E9-3815-9331-CAEE5FC929B4}"
	ProjectSection(ProjectDependencies) = postProject
	EndProjectSection
EndProject
Project("{8BC9CEB8-8B4A-11D0-8D11-00A0C91BC942}") = "f4242", "f4242.vcxproj", "{9932C74E-CBD8-3483-BD5B-15563AD8A284}"
	ProjectSection(ProjectDependencies) = postProject
		{A765A6C0-45E9-3815-9331-CAEE5FC929B4} = {A765A6C0-45E9-3815-9331-CAEE5FC929B4}
	EndProjectSection
EndProject
Global
	GlobalSection(SolutionConfigurationPlatforms) = preSolution
		Debug|Win32 = Debug|Win32
		Release|Win32 = Release|Win32
		MinSizeRel|Win32 = MinSizeRel|Win32
		RelWithDebInfo|Win32 = RelWithDebInfo|Win32
	EndGlobalSection
	GlobalSection(ProjectConfigurationPlatforms) = postSolution
		{A4647FD3-6BAA-3359-B6D1-8F28D31682BF}.Debug|Win32.ActiveCfg = Debug|Win32
		{A4647FD3-6BAA-3359-B6D1-8F28D31682BF}.Release|Win32.ActiveCfg = Release|Win32
		{A4647FD3-6BAA-3359-B6D1-8F28D31682BF}.MinSizeRel|Win32.ActiveCfg = MinSizeRel|Win32
		{A4647FD3-6BAA-3359-B6D1-8F28D31682BF}.RelWithDebInfo|Win32.ActiveCfg = RelWithDebInfo|Win32
		{A765A6C0-45E9-3815-9331-CAEE5FC929B4}.Debug|Win32.ActiveCfg = Debug|Win32
		{A765A6C0-45E9-3815-9331-CAEE5FC929B4}.Debug|Win32.Build.0 = Debug|Win32
		{A765A6C0-45E9-3815-9331-CAEE5FC929B4}.Release|Win32.ActiveCfg = Release|Win32
		{A765A6C0-45E9-3815-9331-CAEE5FC929B4}.Release|Win32.Build.0 = Release|Win32
		{A765A6C0-45E9-3815-9331-CAEE5FC929B4}.MinSizeRel|Win32.ActiveCfg = MinSizeRel|Win32
		{A765A6C0-45E9-3815-9331-CAEE5FC929B4}.MinSizeRel|Win32.Build.0 = MinSizeRel|Win32
		{A765A6C0-45E9-3815-9331-CAEE5FC929B4}.RelWithDebInfo|Win32.ActiveCfg = RelWithDebInfo|Win32
		{A765A6C0-45E9-3815-9331-CAEE5FC929B4}.RelWithDebInfo|Win32.Build.0 = RelWithDebInfo|Win32
		{9932C74E-CBD8-3483-BD5B-15563AD8A284}.Debug|Win32.ActiveCfg = Debug|Win32
		{9932C74E-CBD8-3483-BD5B-15563AD8A284}.Debug|Win32.Build.0 = Debug|Win32
		{9932C74E-CBD8-3483-BD5B-15563AD8A284}.Release|Win32.ActiveCfg = Release|Win32
		{9932C74E-CBD8-3483-BD5B-15563AD8A284}.Release|Win32.Build.0 = Release|Win32
		{9932C74E-CBD8-3483-BD5B-15563AD8A284}.MinSizeRel|Win32.ActiveCfg = MinSizeRel|Win32
		{9932C74E-CBD8-3483-BD5B-15563AD8A284}.MinSizeRel|Win32.Build.0 = MinSizeRel|Win32
		{9932C74E-CBD8-3483-BD5B-15563AD8A284}.RelWithDebInfo|Win32.ActiveCfg = RelWithDebInfo|Win32
		{9932C74E-CBD8-3483-BD5B-15563AD8A284}.RelWithDebInfo|Win32.Build.0 = RelWithDebInfo|Win32
	EndGlobalSection
	GlobalSection(ExtensibilityGlobals) = postSolution
		SolutionGuid = {B5F98E8C-2298-3C57-ADEF-F52A06E0DF0A}
	EndGlobalSection
	GlobalSection(ExtensibilityAddIns) = postSolution
	EndGlobalSection
EndGlobal
